
Microsoft Visual Studio Solution File, Format Version 12.00
# Visual Studio Version 17
VisualStudioVersion = 17.7.34009.444
MinimumVisualStudioVersion = 10.0.40219.1
Project("{FAE04EC0-301F-11D3-BF4B-00C04F79EFBC}") = "DiscordBot", "DiscordBot.csproj", "{B10973C2-F731-4D97-8ABB-4216B4C38FDA}"
EndProject
Global
	GlobalSection(SolutionConfigurationPlatforms) = preSolution
		Debug|Any CPU = Debug|Any CPU
		Release|Any CPU = Release|Any CPU
	EndGlobalSection
	GlobalSection(ProjectConfigurationPlatforms) = postSolution
		{B10973C2-F731-4D97-8ABB-4216B4C38FDA}.Debug|Any CPU.ActiveCfg = Debug|Any CPU
		{B10973C2-F731-4D97-8ABB-4216B4C38FDA}.Debug|Any CPU.Build.0 = Debug|Any CPU
		{B10973C2-F731-4D97-8ABB-4216B4C38FDA}.Release|Any CPU.ActiveCfg = Release|Any CPU
		{B10973C2-F731-4D97-8ABB-4216B4C38FDA}.Release|Any CPU.Build.0 = Release|Any CPU
	EndGlobalSection
	GlobalSection(SolutionProperties) = preSolution
		HideSolutionNode = FALSE
	EndGlobalSection
	GlobalSection(ExtensibilityGlobals) = postSolution
		SolutionGuid = {650E458E-3D5E-4B76-88E0-25221ACDB858}
	EndGlobalSection
EndGlobal
